
Microsoft Visual Studio Solution File, Format Version 12.00
# Visual Studio Version 16
VisualStudioVersion = 16.0.30320.27
MinimumVisualStudioVersion = 10.0.40219.1
Project("{8BC9CEB8-8B4A-11D0-8D11-00A0C91BC942}") = "17.6-17.9_Queue_ADT", "17.6-17.9_Queue_ADT\17.6-17.9_Queue_ADT.vcxproj", "{74B1748A-8ADD-40FC-9871-55C7845C19DD}"
EndProject
Global
	GlobalSection(SolutionConfigurationPlatforms) = preSolution
		Debug|x64 = Debug|x64
		Debug|x86 = Debug|x86
		Release|x64 = Release|x64
		Release|x86 = Release|x86
	EndGlobalSection
	GlobalSection(ProjectConfigurationPlatforms) = postSolution
		{74B1748A-8ADD-40FC-9871-55C7845C19DD}.Debug|x64.ActiveCfg = Debug|x64
		{74B1748A-8ADD-40FC-9871-55C7845C19DD}.Debug|x64.Build.0 = Debug|x64
		{74B1748A-8ADD-40FC-9871-55C7845C19DD}.Debug|x86.ActiveCfg = Debug|Win32
		{74B1748A-8ADD-40FC-9871-55C7845C19DD}.Debug|x86.Build.0 = Debug|Win32
		{74B1748A-8ADD-40FC-9871-55C7845C19DD}.Release|x64.ActiveCfg = Release|x64
		{74B1748A-8ADD-40FC-9871-55C7845C19DD}.Release|x64.Build.0 = Release|x64
		{74B1748A-8ADD-40FC-9871-55C7845C19DD}.Release|x86.ActiveCfg = Release|Win32
		{74B1748A-8ADD-40FC-9871-55C7845C19DD}.Release|x86.Build.0 = Release|Win32
	EndGlobalSection
	GlobalSection(SolutionProperties) = preSolution
		HideSolutionNode = FALSE
	EndGlobalSection
	GlobalSection(ExtensibilityGlobals) = postSolution
		SolutionGuid = {3B274B2D-690A-4E98-B906-87AC454DA4DB}
	EndGlobalSection
EndGlobal
